<?xml version="1.0" encoding="utf-8"?>
<Project ToolsVersion="4.0" xmlns="http://schemas.microsoft.com/developer/msbuild/2003">
  <ItemGroup>
    <Filter Include="default">
      <UniqueIdentifier>{c7ae9aca-a7b6-4481-b1af-b89151d3579b}</UniqueIdentifier>
    </Filter>
    <Filter Include="code">
      <UniqueIdentifier>{5b2ea59b-b4c9-4d16-aac5-3ff329d98d66}</UniqueIdentifier>
    </Filter>
    <Filter Include="default\리소스 파일">
      <UniqueIdentifier>{67DA6AB6-F800-4c08-8B7A-83BB121AAD01}</UniqueIdentifier>
      <Extensions>rc;ico;cur;bmp;dlg;rc2;rct;bin;rgs;gif;jpg;jpeg;jpe;resx;tiff;tif;png;wav;mfcribbon-ms</Extensions>
    </Filter>
    <Filter Include="code\Compressor">
      <UniqueIdentifier>{e7163b8a-2f15-412d-857c-bb15ea796991}</UniqueIdentifier>
    </Filter>
  </ItemGroup>
  <ItemGroup>
    <ClInclude Include="pch.h">
      <Filter>default</Filter>
    </ClInclude>
    <ClInclude Include="Resource.h">
      <Filter>default</Filter>
    </ClInclude>
    <ClInclude Include="targetver.h">
      <Filter>default</Filter>
    </ClInclude>
    <ClInclude Include="framework.h">
      <Filter>default</Filter>
    </ClInclude>
    <ClInclude Include="HuffmanCompressor.h">
      <Filter>code\Compressor</Filter>
    </ClInclude>
    <ClInclude Include="HuffmanCompressorDlg.h">
      <Filter>code\Compressor</Filter>
    </ClInclude>
    <ClInclude Include="Huffman.h">
      <Filter>code</Filter>
    </ClInclude>
  </ItemGroup>
  <ItemGroup>
    <ClCompile Include="pch.cpp">
      <Filter>default</Filter>
    </ClCompile>
    <ClCompile Include="HuffmanCompressor.cpp">
      <Filter>code\Compressor</Filter>
    </ClCompile>
    <ClCompile Include="HuffmanCompressorDlg.cpp">
      <Filter>code\Compressor</Filter>
    </ClCompile>
    <ClCompile Include="Huffman.cpp">
      <Filter>code</Filter>
    </ClCompile>
  </ItemGroup>
  <ItemGroup>
    <ResourceCompile Include="HuffmanCompressor.rc">
      <Filter>default\리소스 파일</Filter>
    </ResourceCompile>
  </ItemGroup>
  <ItemGroup>
    <None Include="res\HuffmanCompressor.rc2">
      <Filter>default\리소스 파일</Filter>
    </None>
  </ItemGroup>
  <ItemGroup>
    <Image Include="res\HuffmanCompressor.ico">
      <Filter>default\리소스 파일</Filter>
    </Image>
  </ItemGroup>
</Project>